
Microsoft Visual Studio Solution File, Format Version 12.00
# Visual Studio Version 17
VisualStudioVersion = 17.5.33424.131
MinimumVisualStudioVersion = 10.0.40219.1
Project("{FAE04EC0-301F-11D3-BF4B-00C04F79EFBC}") = "AbsenceApplication", "AbsenceApplication\AbsenceApplication.csproj", "{8EF1350B-71B1-46AA-8F04-85FCF488EEFF}"
EndProject
Global
	GlobalSection(SolutionConfigurationPlatforms) = preSolution
		Debug|Any CPU = Debug|Any CPU
		Release|Any CPU = Release|Any CPU
	EndGlobalSection
	GlobalSection(ProjectConfigurationPlatforms) = postSolution
		{8EF1350B-71B1-46AA-8F04-85FCF488EEFF}.Debug|Any CPU.ActiveCfg = Debug|Any CPU
		{8EF1350B-71B1-46AA-8F04-85FCF488EEFF}.Debug|Any CPU.Build.0 = Debug|Any CPU
		{8EF1350B-71B1-46AA-8F04-85FCF488EEFF}.Release|Any CPU.ActiveCfg = Release|Any CPU
		{8EF1350B-71B1-46AA-8F04-85FCF488EEFF}.Release|Any CPU.Build.0 = Release|Any CPU
	EndGlobalSection
	GlobalSection(SolutionProperties) = preSolution
		HideSolutionNode = FALSE
	EndGlobalSection
	GlobalSection(ExtensibilityGlobals) = postSolution
		SolutionGuid = {BB5594F7-0CC1-4E26-BA45-8FF718314208}
	EndGlobalSection
EndGlobal
